// !$*UTF8*$!
{
	archiveVersion = 1;
	classes = {
	};
	objectVersion = 56;
	objects = {

/* Begin PBXBuildFile section */
		04CF557D2D2535E5009A8D99 /* DiaryApp.swift in Sources */ = {isa = PBXBuildFile; fileRef = 04CF557C2D2535E5009A8D99 /* DiaryApp.swift */; };
		04CF557F2D2535E5009A8D99 /* ContentView.swift in Sources */ = {isa = PBXBuildFile; fileRef = 04CF557E2D2535E5009A8D99 /* ContentView.swift */; };
		04CF55812D2535E6009A8D99 /* Assets.xcassets in Resources */ = {isa = PBXBuildFile; fileRef = 04CF55802D2535E6009A8D99 /* Assets.xcassets */; };
		04CF55842D2535E6009A8D99 /* Preview Assets.xcassets in Resources */ = {isa = PBXBuildFile; fileRef = 04CF55832D2535E6009A8D99 /* Preview Assets.xcassets */; };
		04CF558E2D2535E6009A8D99 /* DiaryTests.swift in Sources */ = {isa = PBXBuildFile; fileRef = 04CF558D2D2535E6009A8D99 /* DiaryTests.swift */; };
		04CF55982D2535E6009A8D99 /* DiaryUITests.swift in Sources */ = {isa = PBXBuildFile; fileRef = 04CF55972D2535E6009A8D99 /* DiaryUITests.swift */; };
		04CF559A2D2535E6009A8D99 /* DiaryUITestsLaunchTests.swift in Sources */ = {isa = PBXBuildFile; fileRef = 04CF55992D2535E6009A8D99 /* DiaryUITestsLaunchTests.swift */; };
		04CF55AA2D25361C009A8D99 /* DiaryEntry.swift in Sources */ = {isa = PBXBuildFile; fileRef = 04CF55A92D25361C009A8D99 /* DiaryEntry.swift */; };
		04CF55AC2D25363F009A8D99 /* DiaryViewModel.swift in Sources */ = {isa = PBXBuildFile; fileRef = 04CF55AB2D25363F009A8D99 /* DiaryViewModel.swift */; };
		04CF55AE2D25367A009A8D99 /* DiaryEntryRow.swift in Sources */ = {isa = PBXBuildFile; fileRef = 04CF55AD2D25367A009A8D99 /* DiaryEntryRow.swift */; };
		04CF55B02D25368F009A8D99 /* NewDiaryEntryView.swift in Sources */ = {isa = PBXBuildFile; fileRef = 04CF55AF2D25368F009A8D99 /* NewDiaryEntryView.swift */; };
/* End PBXBuildFile section */

/* Begin PBXContainerItemProxy section */
		04CF558A2D2535E6009A8D99 /* PBXContainerItemProxy */ = {
			isa = PBXContainerItemProxy;
			containerPortal = 04CF55712D2535E5009A8D99 /* Project object */;
			proxyType = 1;
			remoteGlobalIDString = 04CF55782D2535E5009A8D99;
			remoteInfo = Diary;
		};
		04CF55942D2535E6009A8D99 /* PBXContainerItemProxy */ = {
			isa = PBXContainerItemProxy;
			containerPortal = 04CF55712D2535E5009A8D99 /* Project object */;
			proxyType = 1;
			remoteGlobalIDString = 04CF55782D2535E5009A8D99;
			remoteInfo = Diary;
		};
/* End PBXContainerItemProxy section */

/* Begin PBXFileReference section */
		04CF55792D2535E5009A8D99 /* Diary.app */ = {isa = PBXFileReference; explicitFileType = wrapper.application; includeInIndex = 0; path = Diary.app; sourceTree = BUILT_PRODUCTS_DIR; };
		04CF557C2D2535E5009A8D99 /* DiaryApp.swift */ = {isa = PBXFileReference; lastKnownFileType = sourcecode.swift; path = DiaryApp.swift; sourceTree = "<group>"; };
		04CF557E2D2535E5009A8D99 /* ContentView.swift */ = {isa = PBXFileReference; lastKnownFileType = sourcecode.swift; path = ContentView.swift; sourceTree = "<group>"; };
		04CF55802D2535E6009A8D99 /* Assets.xcassets */ = {isa = PBXFileReference; lastKnownFileType = folder.assetcatalog; path = Assets.xcassets; sourceTree = "<group>"; };
		04CF55832D2535E6009A8D99 /* Preview Assets.xcassets */ = {isa = PBXFileReference; lastKnownFileType = folder.assetcatalog; path = "Preview Assets.xcassets"; sourceTree = "<group>"; };
		04CF55892D2535E6009A8D99 /* DiaryTests.xctest */ = {isa = PBXFileReference; explicitFileType = wrapper.cfbundle; includeInIndex = 0; path = DiaryTests.xctest; sourceTree = BUILT_PRODUCTS_DIR; };
		04CF558D2D2535E6009A8D99 /* DiaryTests.swift */ = {isa = PBXFileReference; lastKnownFileType = sourcecode.swift; path = DiaryTests.swift; sourceTree = "<group>"; };
		04CF55932D2535E6009A8D99 /* DiaryUITests.xctest */ = {isa = PBXFileReference; explicitFileType = wrapper.cfbundle; includeInIndex = 0; path = DiaryUITests.xctest; sourceTree = BUILT_PRODUCTS_DIR; };
		04CF55972D2535E6009A8D99 /* DiaryUITests.swift */ = {isa = PBXFileReference; lastKnownFileType = sourcecode.swift; path = DiaryUITests.swift; sourceTree = "<group>"; };
		04CF55992D2535E6009A8D99 /* DiaryUITestsLaunchTests.swift */ = {isa = PBXFileReference; lastKnownFileType = sourcecode.swift; path = DiaryUITestsLaunchTests.swift; sourceTree = "<group>"; };
		04CF55A92D25361C009A8D99 /* DiaryEntry.swift */ = {isa = PBXFileReference; lastKnownFileType = sourcecode.swift; path = DiaryEntry.swift; sourceTree = "<group>"; };
		04CF55AB2D25363F009A8D99 /* DiaryViewModel.swift */ = {isa = PBXFileReference; lastKnownFileType = sourcecode.swift; path = DiaryViewModel.swift; sourceTree = "<group>"; };
		04CF55AD2D25367A009A8D99 /* DiaryEntryRow.swift */ = {isa = PBXFileReference; lastKnownFileType = sourcecode.swift; path = DiaryEntryRow.swift; sourceTree = "<group>"; };
		04CF55AF2D25368F009A8D99 /* NewDiaryEntryView.swift */ = {isa = PBXFileReference; lastKnownFileType = sourcecode.swift; path = NewDiaryEntryView.swift; sourceTree = "<group>"; };
/* End PBXFileReference section */

/* Begin PBXFrameworksBuildPhase section */
		04CF55762D2535E5009A8D99 /* Frameworks */ = {
			isa = PBXFrameworksBuildPhase;
			buildActionMask = 2147483647;
			files = (
			);
			runOnlyForDeploymentPostprocessing = 0;
		};
		04CF55862D2535E6009A8D99 /* Frameworks */ = {
			isa = PBXFrameworksBuildPhase;
			buildActionMask = 2147483647;
			files = (
			);
			runOnlyForDeploymentPostprocessing = 0;
		};
		04CF55902D2535E6009A8D99 /* Frameworks */ = {
			isa = PBXFrameworksBuildPhase;
			buildActionMask = 2147483647;
			files = (
			);
			runOnlyForDeploymentPostprocessing = 0;
		};
/* End PBXFrameworksBuildPhase section */

/* Begin PBXGroup section */
		04CF55702D2535E5009A8D99 = {
			isa = PBXGroup;
			children = (
				04CF557B2D2535E5009A8D99 /* Diary */,
				04CF558C2D2535E6009A8D99 /* DiaryTests */,
				04CF55962D2535E6009A8D99 /* DiaryUITests */,
				04CF557A2D2535E5009A8D99 /* Products */,
			);
			sourceTree = "<group>";
		};
		04CF557A2D2535E5009A8D99 /* Products */ = {
			isa = PBXGroup;
			children = (
				04CF55792D2535E5009A8D99 /* Diary.app */,
				04CF55892D2535E6009A8D99 /* DiaryTests.xctest */,
				04CF55932D2535E6009A8D99 /* DiaryUITests.xctest */,
			);
			name = Products;
			sourceTree = "<group>";
		};
		04CF557B2D2535E5009A8D99 /* Diary */ = {
			isa = PBXGroup;
			children = (
				04CF55A82D2535FF009A8D99 /* Views */,
				04CF55A72D2535F8009A8D99 /* ViewModels */,
				04CF55A62D2535F1009A8D99 /* Models */,
				04CF557C2D2535E5009A8D99 /* DiaryApp.swift */,
				04CF55802D2535E6009A8D99 /* Assets.xcassets */,
				04CF55822D2535E6009A8D99 /* Preview Content */,
			);
			path = Diary;
			sourceTree = "<group>";
		};
		04CF55822D2535E6009A8D99 /* Preview Content */ = {
			isa = PBXGroup;
			children = (
				04CF55832D2535E6009A8D99 /* Preview Assets.xcassets */,
			);
			path = "Preview Content";
			sourceTree = "<group>";
		};
		04CF558C2D2535E6009A8D99 /* DiaryTests */ = {
			isa = PBXGroup;
			children = (
				04CF558D2D2535E6009A8D99 /* DiaryTests.swift */,
			);
			path = DiaryTests;
			sourceTree = "<group>";
		};
		04CF55962D2535E6009A8D99 /* DiaryUITests */ = {
			isa = PBXGroup;
			children = (
				04CF55972D2535E6009A8D99 /* DiaryUITests.swift */,
				04CF55992D2535E6009A8D99 /* DiaryUITestsLaunchTests.swift */,
			);
			path = DiaryUITests;
			sourceTree = "<group>";
		};
		04CF55A62D2535F1009A8D99 /* Models */ = {
			isa = PBXGroup;
			children = (
				04CF55A92D25361C009A8D99 /* DiaryEntry.swift */,
			);
			path = Models;
			sourceTree = "<group>";
		};
		04CF55A72D2535F8009A8D99 /* ViewModels */ = {
			isa = PBXGroup;
			children = (
				04CF55AB2D25363F009A8D99 /* DiaryViewModel.swift */,
			);
			path = ViewModels;
			sourceTree = "<group>";
		};
		04CF55A82D2535FF009A8D99 /* Views */ = {
			isa = PBXGroup;
			children = (
				04CF557E2D2535E5009A8D99 /* ContentView.swift */,
				04CF55AD2D25367A009A8D99 /* DiaryEntryRow.swift */,
				04CF55AF2D25368F009A8D99 /* NewDiaryEntryView.swift */,
			);
			path = Views;
			sourceTree = "<group>";
		};
/* End PBXGroup section */

/* Begin PBXNativeTarget section */
		04CF55782D2535E5009A8D99 /* Diary */ = {
			isa = PBXNativeTarget;
			buildConfigurationList = 04CF559D2D2535E6009A8D99 /* Build configuration list for PBXNativeTarget "Diary" */;
			buildPhases = (
				04CF55752D2535E5009A8D99 /* Sources */,
				04CF55762D2535E5009A8D99 /* Frameworks */,
				04CF55772D2535E5009A8D99 /* Resources */,
			);
			buildRules = (
			);
			dependencies = (
			);
			name = Diary;
			productName = Diary;
			productReference = 04CF55792D2535E5009A8D99 /* Diary.app */;
			productType = "com.apple.product-type.application";
		};
		04CF55882D2535E6009A8D99 /* DiaryTests */ = {
			isa = PBXNativeTarget;
			buildConfigurationList = 04CF55A02D2535E6009A8D99 /* Build configuration list for PBXNativeTarget "DiaryTests" */;
			buildPhases = (
				04CF55852D2535E6009A8D99 /* Sources */,
				04CF55862D2535E6009A8D99 /* Frameworks */,
				04CF55872D2535E6009A8D99 /* Resources */,
			);
			buildRules = (
			);
			dependencies = (
				04CF558B2D2535E6009A8D99 /* PBXTargetDependency */,
			);
			name = DiaryTests;
			productName = DiaryTests;
			productReference = 04CF55892D2535E6009A8D99 /* DiaryTests.xctest */;
			productType = "com.apple.product-type.bundle.unit-test";
		};
		04CF55922D2535E6009A8D99 /* DiaryUITests */ = {
			isa = PBXNativeTarget;
			buildConfigurationList = 04CF55A32D2535E6009A8D99 /* Build configuration list for PBXNativeTarget "DiaryUITests" */;
			buildPhases = (
				04CF558F2D2535E6009A8D99 /* Sources */,
				04CF55902D2535E6009A8D99 /* Frameworks */,
				04CF55912D2535E6009A8D99 /* Resources */,
			);
			buildRules = (
			);
			dependencies = (
				04CF55952D2535E6009A8D99 /* PBXTargetDependency */,
			);
			name = DiaryUITests;
			productName = DiaryUITests;
			productReference = 04CF55932D2535E6009A8D99 /* DiaryUITests.xctest */;
			productType = "com.apple.product-type.bundle.ui-testing";
		};
/* End PBXNativeTarget section */

/* Begin PBXProject section */
		04CF55712D2535E5009A8D99 /* Project object */ = {
			isa = PBXProject;
			attributes = {
				BuildIndependentTargetsInParallel = 1;
				LastSwiftUpdateCheck = 1530;
				LastUpgradeCheck = 1530;
				TargetAttributes = {
					04CF55782D2535E5009A8D99 = {
						CreatedOnToolsVersion = 15.3;
					};
					04CF55882D2535E6009A8D99 = {
						CreatedOnToolsVersion = 15.3;
						TestTargetID = 04CF55782D2535E5009A8D99;
					};
					04CF55922D2535E6009A8D99 = {
						CreatedOnToolsVersion = 15.3;
						TestTargetID = 04CF55782D2535E5009A8D99;
					};
				};
			};
			buildConfigurationList = 04CF55742D2535E5009A8D99 /* Build configuration list for PBXProject "Diary" */;
			compatibilityVersion = "Xcode 14.0";
			developmentRegion = en;
			hasScannedForEncodings = 0;
			knownRegions = (
				en,
				Base,
			);
			mainGroup = 04CF55702D2535E5009A8D99;
			productRefGroup = 04CF557A2D2535E5009A8D99 /* Products */;
			projectDirPath = "";
			projectRoot = "";
			targets = (
				04CF55782D2535E5009A8D99 /* Diary */,
				04CF55882D2535E6009A8D99 /* DiaryTests */,
				04CF55922D2535E6009A8D99 /* DiaryUITests */,
			);
		};
/* End PBXProject section */

/* Begin PBXResourcesBuildPhase section */
		04CF55772D2535E5009A8D99 /* Resources */ = {
			isa = PBXResourcesBuildPhase;
			buildActionMask = 2147483647;
			files = (
				04CF55842D2535E6009A8D99 /* Preview Assets.xcassets in Resources */,
				04CF55812D2535E6009A8D99 /* Assets.xcassets in Resources */,
			);
			runOnlyForDeploymentPostprocessing = 0;
		};
		04CF55872D2535E6009A8D99 /* Resources */ = {
			isa = PBXResourcesBuildPhase;
			buildActionMask = 2147483647;
			files = (
			);
			runOnlyForDeploymentPostprocessing = 0;
		};
		04CF55912D2535E6009A8D99 /* Resources */ = {
			isa = PBXResourcesBuildPhase;
			buildActionMask = 2147483647;
			files = (
			);
			runOnlyForDeploymentPostprocessing = 0;
		};
/* End PBXResourcesBuildPhase section */

/* Begin PBXSourcesBuildPhase section */
		04CF55752D2535E5009A8D99 /* Sources */ = {
			isa = PBXSourcesBuildPhase;
			buildActionMask = 2147483647;
			files = (
				04CF55AE2D25367A009A8D99 /* DiaryEntryRow.swift in Sources */,
				04CF55AC2D25363F009A8D99 /* DiaryViewModel.swift in Sources */,
				04CF55B02D25368F009A8D99 /* NewDiaryEntryView.swift in Sources */,
				04CF557F2D2535E5009A8D99 /* ContentView.swift in Sources */,
				04CF55AA2D25361C009A8D99 /* DiaryEntry.swift in Sources */,
				04CF557D2D2535E5009A8D99 /* DiaryApp.swift in Sources */,
			);
			runOnlyForDeploymentPostprocessing = 0;
		};
		04CF55852D2535E6009A8D99 /* Sources */ = {
			isa = PBXSourcesBuildPhase;
			buildActionMask = 2147483647;
			files = (
				04CF558E2D2535E6009A8D99 /* DiaryTests.swift in Sources */,
			);
			runOnlyForDeploymentPostprocessing = 0;
		};
		04CF558F2D2535E6009A8D99 /* Sources */ = {
			isa = PBXSourcesBuildPhase;
			buildActionMask = 2147483647;
			files = (
				04CF559A2D2535E6009A8D99 /* DiaryUITestsLaunchTests.swift in Sources */,
				04CF55982D2535E6009A8D99 /* DiaryUITests.swift in Sources */,
			);
			runOnlyForDeploymentPostprocessing = 0;
		};
/* End PBXSourcesBuildPhase section */

/* Begin PBXTargetDependency section */
		04CF558B2D2535E6009A8D99 /* PBXTargetDependency */ = {
			isa = PBXTargetDependency;
			target = 04CF55782D2535E5009A8D99 /* Diary */;
			targetProxy = 04CF558A2D2535E6009A8D99 /* PBXContainerItemProxy */;
		};
		04CF55952D2535E6009A8D99 /* PBXTargetDependency */ = {
			isa = PBXTargetDependency;
			target = 04CF55782D2535E5009A8D99 /* Diary */;
			targetProxy = 04CF55942D2535E6009A8D99 /* PBXContainerItemProxy */;
		};
/* End PBXTargetDependency section */

/* Begin XCBuildConfiguration section */
		04CF559B2D2535E6009A8D99 /* Debug */ = {
			isa = XCBuildConfiguration;
			buildSettings = {
				ALWAYS_SEARCH_USER_PATHS = NO;
				ASSETCATALOG_COMPILER_GENERATE_SWIFT_ASSET_SYMBOL_EXTENSIONS = YES;
				CLANG_ANALYZER_NONNULL = YES;
				CLANG_ANALYZER_NUMBER_OBJECT_CONVERSION = YES_AGGRESSIVE;
				CLANG_CXX_LANGUAGE_STANDARD = "gnu++20";
				CLANG_ENABLE_MODULES = YES;
				CLANG_ENABLE_OBJC_ARC = YES;
				CLANG_ENABLE_OBJC_WEAK = YES;
				CLANG_WARN_BLOCK_CAPTURE_AUTORELEASING = YES;
				CLANG_WARN_BOOL_CONVERSION = YES;
				CLANG_WARN_COMMA = YES;
				CLANG_WARN_CONSTANT_CONVERSION = YES;
				CLANG_WARN_DEPRECATED_OBJC_IMPLEMENTATIONS = YES;
				CLANG_WARN_DIRECT_OBJC_ISA_USAGE = YES_ERROR;
				CLANG_WARN_DOCUMENTATION_COMMENTS = YES;
				CLANG_WARN_EMPTY_BODY = YES;
				CLANG_WARN_ENUM_CONVERSION = YES;
				CLANG_WARN_INFINITE_RECURSION = YES;
				CLANG_WARN_INT_CONVERSION = YES;
				CLANG_WARN_NON_LITERAL_NULL_CONVERSION = YES;
				CLANG_WARN_OBJC_IMPLICIT_RETAIN_SELF = YES;
				CLANG_WARN_OBJC_LITERAL_CONVERSION = YES;
				CLANG_WARN_OBJC_ROOT_CLASS = YES_ERROR;
				CLANG_WARN_QUOTED_INCLUDE_IN_FRAMEWORK_HEADER = YES;
				CLANG_WARN_RANGE_LOOP_ANALYSIS = YES;
				CLANG_WARN_STRICT_PROTOTYPES = YES;
				CLANG_WARN_SUSPICIOUS_MOVE = YES;
				CLANG_WARN_UNGUARDED_AVAILABILITY = YES_AGGRESSIVE;
				CLANG_WARN_UNREACHABLE_CODE = YES;
				CLANG_WARN__DUPLICATE_METHOD_MATCH = YES;
				COPY_PHASE_STRIP = NO;
				DEBUG_INFORMATION_FORMAT = dwarf;
				ENABLE_STRICT_OBJC_MSGSEND = YES;
				ENABLE_TESTABILITY = YES;
				ENABLE_USER_SCRIPT_SANDBOXING = YES;
				GCC_C_LANGUAGE_STANDARD = gnu17;
				GCC_DYNAMIC_NO_PIC = NO;
				GCC_NO_COMMON_BLOCKS = YES;
				GCC_OPTIMIZATION_LEVEL = 0;
				GCC_PREPROCESSOR_DEFINITIONS = (
					"DEBUG=1",
					"$(inherited)",
				);
				GCC_WARN_64_TO_32_BIT_CONVERSION = YES;
				GCC_WARN_ABOUT_RETURN_TYPE = YES_ERROR;
				GCC_WARN_UNDECLARED_SELECTOR = YES;
				GCC_WARN_UNINITIALIZED_AUTOS = YES_AGGRESSIVE;
				GCC_WARN_UNUSED_FUNCTION = YES;
				GCC_WARN_UNUSED_VARIABLE = YES;
				IPHONEOS_DEPLOYMENT_TARGET = 17.4;
				LOCALIZATION_PREFERS_STRING_CATALOGS = YES;
				MTL_ENABLE_DEBUG_INFO = INCLUDE_SOURCE;
				MTL_FAST_MATH = YES;
				ONLY_ACTIVE_ARCH = YES;
				SDKROOT = iphoneos;
				SWIFT_ACTIVE_COMPILATION_CONDITIONS = "DEBUG $(inherited)";
				SWIFT_OPTIMIZATION_LEVEL = "-Onone";
			};
			name = Debug;
		};
		04CF559C2D2535E6009A8D99 /* Release */ = {
			isa = XCBuildConfiguration;
			buildSettings = {
				ALWAYS_SEARCH_USER_PATHS = NO;
				ASSETCATALOG_COMPILER_GENERATE_SWIFT_ASSET_SYMBOL_EXTENSIONS = YES;
				CLANG_ANALYZER_NONNULL = YES;
				CLANG_ANALYZER_NUMBER_OBJECT_CONVERSION = YES_AGGRESSIVE;
				CLANG_CXX_LANGUAGE_STANDARD = "gnu++20";
				CLANG_ENABLE_MODULES = YES;
				CLANG_ENABLE_OBJC_ARC = YES;
				CLANG_ENABLE_OBJC_WEAK = YES;
				CLANG_WARN_BLOCK_CAPTURE_AUTORELEASING = YES;
				CLANG_WARN_BOOL_CONVERSION = YES;
				CLANG_WARN_COMMA = YES;
				CLANG_WARN_CONSTANT_CONVERSION = YES;
				CLANG_WARN_DEPRECATED_OBJC_IMPLEMENTATIONS = YES;
				CLANG_WARN_DIRECT_OBJC_ISA_USAGE = YES_ERROR;
				CLANG_WARN_DOCUMENTATION_COMMENTS = YES;
				CLANG_WARN_EMPTY_BODY = YES;
				CLANG_WARN_ENUM_CONVERSION = YES;
				CLANG_WARN_INFINITE_RECURSION = YES;
				CLANG_WARN_INT_CONVERSION = YES;
				CLANG_WARN_NON_LITERAL_NULL_CONVERSION = YES;
				CLANG_WARN_OBJC_IMPLICIT_RETAIN_SELF = YES;
				CLANG_WARN_OBJC_LITERAL_CONVERSION = YES;
				CLANG_WARN_OBJC_ROOT_CLASS = YES_ERROR;
				CLANG_WARN_QUOTED_INCLUDE_IN_FRAMEWORK_HEADER = YES;
				CLANG_WARN_RANGE_LOOP_ANALYSIS = YES;
				CLANG_WARN_STRICT_PROTOTYPES = YES;
				CLANG_WARN_SUSPICIOUS_MOVE = YES;
				CLANG_WARN_UNGUARDED_AVAILABILITY = YES_AGGRESSIVE;
				CLANG_WARN_UNREACHABLE_CODE = YES;
				CLANG_WARN__DUPLICATE_METHOD_MATCH = YES;
				COPY_PHASE_STRIP = NO;
				DEBUG_INFORMATION_FORMAT = "dwarf-with-dsym";
				ENABLE_NS_ASSERTIONS = NO;
				ENABLE_STRICT_OBJC_MSGSEND = YES;
				ENABLE_USER_SCRIPT_SANDBOXING = YES;
				GCC_C_LANGUAGE_STANDARD = gnu17;
				GCC_NO_COMMON_BLOCKS = YES;
				GCC_WARN_64_TO_32_BIT_CONVERSION = YES;
				GCC_WARN_ABOUT_RETURN_TYPE = YES_ERROR;
				GCC_WARN_UNDECLARED_SELECTOR = YES;
				GCC_WARN_UNINITIALIZED_AUTOS = YES_AGGRESSIVE;
				GCC_WARN_UNUSED_FUNCTION = YES;
				GCC_WARN_UNUSED_VARIABLE = YES;
				IPHONEOS_DEPLOYMENT_TARGET = 17.4;
				LOCALIZATION_PREFERS_STRING_CATALOGS = YES;
				MTL_ENABLE_DEBUG_INFO = NO;
				MTL_FAST_MATH = YES;
				SDKROOT = iphoneos;
				SWIFT_COMPILATION_MODE = wholemodule;
				VALIDATE_PRODUCT = YES;
			};
			name = Release;
		};
		04CF559E2D2535E6009A8D99 /* Debug */ = {
			isa = XCBuildConfiguration;
			buildSettings = {
				ASSETCATALOG_COMPILER_APPICON_NAME = AppIcon;
				ASSETCATALOG_COMPILER_GLOBAL_ACCENT_COLOR_NAME = AccentColor;
				CODE_SIGN_STYLE = Automatic;
				CURRENT_PROJECT_VERSION = 1;
				DEVELOPMENT_ASSET_PATHS = "\"Diary/Preview Content\"";
				ENABLE_PREVIEWS = YES;
				GENERATE_INFOPLIST_FILE = YES;
				INFOPLIST_KEY_UIApplicationSceneManifest_Generation = YES;
				INFOPLIST_KEY_UIApplicationSupportsIndirectInputEvents = YES;
				INFOPLIST_KEY_UILaunchScreen_Generation = YES;
				INFOPLIST_KEY_UISupportedInterfaceOrientations_iPad = "UIInterfaceOrientationPortrait UIInterfaceOrientationPortraitUpsideDown UIInterfaceOrientationLandscapeLeft UIInterfaceOrientationLandscapeRight";
				INFOPLIST_KEY_UISupportedInterfaceOrientations_iPhone = "UIInterfaceOrientationPortrait UIInterfaceOrientationLandscapeLeft UIInterfaceOrientationLandscapeRight";
				LD_RUNPATH_SEARCH_PATHS = (
					"$(inherited)",
					"@executable_path/Frameworks",
				);
				MARKETING_VERSION = 1.0;
				PRODUCT_BUNDLE_IDENTIFIER = "-.Diary";
				PRODUCT_NAME = "$(TARGET_NAME)";
				SWIFT_EMIT_LOC_STRINGS = YES;
				SWIFT_VERSION = 5.0;
				TARGETED_DEVICE_FAMILY = "1,2";
			};
			name = Debug;
		};
		04CF559F2D2535E6009A8D99 /* Release */ = {
			isa = XCBuildConfiguration;
			buildSettings = {
				ASSETCATALOG_COMPILER_APPICON_NAME = AppIcon;
				ASSETCATALOG_COMPILER_GLOBAL_ACCENT_COLOR_NAME = AccentColor;
				CODE_SIGN_STYLE = Automatic;
				CURRENT_PROJECT_VERSION = 1;
				DEVELOPMENT_ASSET_PATHS = "\"Diary/Preview Content\"";
				ENABLE_PREVIEWS = YES;
				GENERATE_INFOPLIST_FILE = YES;
				INFOPLIST_KEY_UIApplicationSceneManifest_Generation = YES;
				INFOPLIST_KEY_UIApplicationSupportsIndirectInputEvents = YES;
				INFOPLIST_KEY_UILaunchScreen_Generation = YES;
				INFOPLIST_KEY_UISupportedInterfaceOrientations_iPad = "UIInterfaceOrientationPortrait UIInterfaceOrientationPortraitUpsideDown UIInterfaceOrientationLandscapeLeft UIInterfaceOrientationLandscapeRight";
				INFOPLIST_KEY_UISupportedInterfaceOrientations_iPhone = "UIInterfaceOrientationPortrait UIInterfaceOrientationLandscapeLeft UIInterfaceOrientationLandscapeRight";
				LD_RUNPATH_SEARCH_PATHS = (
					"$(inherited)",
					"@executable_path/Frameworks",
				);
				MARKETING_VERSION = 1.0;
				PRODUCT_BUNDLE_IDENTIFIER = "-.Diary";
				PRODUCT_NAME = "$(TARGET_NAME)";
				SWIFT_EMIT_LOC_STRINGS = YES;
				SWIFT_VERSION = 5.0;
				TARGETED_DEVICE_FAMILY = "1,2";
			};
			name = Release;
		};
		04CF55A12D2535E6009A8D99 /* Debug */ = {
			isa = XCBuildConfiguration;
			buildSettings = {
				ALWAYS_EMBED_SWIFT_STANDARD_LIBRARIES = YES;
				BUNDLE_LOADER = "$(TEST_HOST)";
				CODE_SIGN_STYLE = Automatic;
				CURRENT_PROJECT_VERSION = 1;
				GENERATE_INFOPLIST_FILE = YES;
				IPHONEOS_DEPLOYMENT_TARGET = 17.4;
				MARKETING_VERSION = 1.0;
				PRODUCT_BUNDLE_IDENTIFIER = "-.DiaryTests";
				PRODUCT_NAME = "$(TARGET_NAME)";
				SWIFT_EMIT_LOC_STRINGS = NO;
				SWIFT_VERSION = 5.0;
				TARGETED_DEVICE_FAMILY = "1,2";
				TEST_HOST = "$(BUILT_PRODUCTS_DIR)/Diary.app/$(BUNDLE_EXECUTABLE_FOLDER_PATH)/Diary";
			};
			name = Debug;
		};
		04CF55A22D2535E6009A8D99 /* Release */ = {
			isa = XCBuildConfiguration;
			buildSettings = {
				ALWAYS_EMBED_SWIFT_STANDARD_LIBRARIES = YES;
				BUNDLE_LOADER = "$(TEST_HOST)";
				CODE_SIGN_STYLE = Automatic;
				CURRENT_PROJECT_VERSION = 1;
				GENERATE_INFOPLIST_FILE = YES;
				IPHONEOS_DEPLOYMENT_TARGET = 17.4;
				MARKETING_VERSION = 1.0;
				PRODUCT_BUNDLE_IDENTIFIER = "-.DiaryTests";
				PRODUCT_NAME = "$(TARGET_NAME)";
				SWIFT_EMIT_LOC_STRINGS = NO;
				SWIFT_VERSION = 5.0;
				TARGETED_DEVICE_FAMILY = "1,2";
				TEST_HOST = "$(BUILT_PRODUCTS_DIR)/Diary.app/$(BUNDLE_EXECUTABLE_FOLDER_PATH)/Diary";
			};
			name = Release;
		};
		04CF55A42D2535E6009A8D99 /* Debug */ = {
			isa = XCBuildConfiguration;
			buildSettings = {
				ALWAYS_EMBED_SWIFT_STANDARD_LIBRARIES = YES;
				CODE_SIGN_STYLE = Automatic;
				CURRENT_PROJECT_VERSION = 1;
				GENERATE_INFOPLIST_FILE = YES;
				MARKETING_VERSION = 1.0;
				PRODUCT_BUNDLE_IDENTIFIER = "-.DiaryUITests";
				PRODUCT_NAME = "$(TARGET_NAME)";
				SWIFT_EMIT_LOC_STRINGS = NO;
				SWIFT_VERSION = 5.0;
				TARGETED_DEVICE_FAMILY = "1,2";
				TEST_TARGET_NAME = Diary;
			};
			name = Debug;
		};
		04CF55A52D2535E6009A8D99 /* Release */ = {
			isa = XCBuildConfiguration;
			buildSettings = {
				ALWAYS_EMBED_SWIFT_STANDARD_LIBRARIES = YES;
				CODE_SIGN_STYLE = Automatic;
				CURRENT_PROJECT_VERSION = 1;
				GENERATE_INFOPLIST_FILE = YES;
				MARKETING_VERSION = 1.0;
				PRODUCT_BUNDLE_IDENTIFIER = "-.DiaryUITests";
				PRODUCT_NAME = "$(TARGET_NAME)";
				SWIFT_EMIT_LOC_STRINGS = NO;
				SWIFT_VERSION = 5.0;
				TARGETED_DEVICE_FAMILY = "1,2";
				TEST_TARGET_NAME = Diary;
			};
			name = Release;
		};
/* End XCBuildConfiguration section */

/* Begin XCConfigurationList section */
		04CF55742D2535E5009A8D99 /* Build configuration list for PBXProject "Diary" */ = {
			isa = XCConfigurationList;
			buildConfigurations = (
				04CF559B2D2535E6009A8D99 /* Debug */,
				04CF559C2D2535E6009A8D99 /* Release */,
			);
			defaultConfigurationIsVisible = 0;
			defaultConfigurationName = Release;
		};
		04CF559D2D2535E6009A8D99 /* Build configuration list for PBXNativeTarget "Diary" */ = {
			isa = XCConfigurationList;
			buildConfigurations = (
				04CF559E2D2535E6009A8D99 /* Debug */,
				04CF559F2D2535E6009A8D99 /* Release */,
			);
			defaultConfigurationIsVisible = 0;
			defaultConfigurationName = Release;
		};
		04CF55A02D2535E6009A8D99 /* Build configuration list for PBXNativeTarget "DiaryTests" */ = {
			isa = XCConfigurationList;
			buildConfigurations = (
				04CF55A12D2535E6009A8D99 /* Debug */,
				04CF55A22D2535E6009A8D99 /* Release */,
			);
			defaultConfigurationIsVisible = 0;
			defaultConfigurationName = Release;
		};
		04CF55A32D2535E6009A8D99 /* Build configuration list for PBXNativeTarget "DiaryUITests" */ = {
			isa = XCConfigurationList;
			buildConfigurations = (
				04CF55A42D2535E6009A8D99 /* Debug */,
				04CF55A52D2535E6009A8D99 /* Release */,
			);
			defaultConfigurationIsVisible = 0;
			defaultConfigurationName = Release;
		};
/* End XCConfigurationList section */
	};
	rootObject = 04CF55712D2535E5009A8D99 /* Project object */;
}
